
Microsoft Visual Studio Solution File, Format Version 12.00
# Visual Studio Version 16
VisualStudioVersion = 16.0.31005.135
MinimumVisualStudioVersion = 10.0.40219.1
Project("{FAE04EC0-301F-11D3-BF4B-00C04F79EFBC}") = "university-binary-tree-v2", "university-binary-tree-v2\university-binary-tree-v2.csproj", "{72F3B364-96F3-445D-B769-5B67788275C9}"
EndProject
Global
	GlobalSection(SolutionConfigurationPlatforms) = preSolution
		Debug|Any CPU = Debug|Any CPU
		Release|Any CPU = Release|Any CPU
	EndGlobalSection
	GlobalSection(ProjectConfigurationPlatforms) = postSolution
		{72F3B364-96F3-445D-B769-5B67788275C9}.Debug|Any CPU.ActiveCfg = Debug|Any CPU
		{72F3B364-96F3-445D-B769-5B67788275C9}.Debug|Any CPU.Build.0 = Debug|Any CPU
		{72F3B364-96F3-445D-B769-5B67788275C9}.Release|Any CPU.ActiveCfg = Release|Any CPU
		{72F3B364-96F3-445D-B769-5B67788275C9}.Release|Any CPU.Build.0 = Release|Any CPU
	EndGlobalSection
	GlobalSection(SolutionProperties) = preSolution
		HideSolutionNode = FALSE
	EndGlobalSection
	GlobalSection(ExtensibilityGlobals) = postSolution
		SolutionGuid = {766FBE16-5B8E-4635-AD7D-2E8AC7350504}
	EndGlobalSection
EndGlobal
